Microsoft Visual Studio Solution File, Format Version 12.00
# Visual Studio 14
VisualStudioVersion = 14.0.25420.1
MinimumVisualStudioVersion = 10.0.40219.1
Project("{8BC9CEB8-8B4A-11D0-8D11-00A0C91BC942}") = "DataFilesCreator", "commandline\ChunkFilesCreator\DataFilesCreator.vcxproj", "{B9DA0128-D5AD-4347-9B8C-13280EBCB060}"
EndProject
Project("{8BC9CEB8-8B4A-11D0-8D11-00A0C91BC942}") = "ShaderFilesCreator", "commandline\ShaderFilesCreator\ShaderFilesCreator.vcxproj", "{39CC8751-0CDA-4A94-B0B2-CD02D2898A3C}"
EndProject
Project("{8BC9CEB8-8B4A-11D0-8D11-00A0C91BC942}") = "ToolsParamCreator", "commandline\ToolsParamCreator\ToolsParamCreator.vcxproj", "{5C193282-9943-4A6B-9FCE-F7B011ADFF0B}"
EndProject
Project("{8BC9CEB8-8B4A-11D0-8D11-00A0C91BC942}") = "coder", "commandline\coder\coder.vcxproj", "{9A911956-CB56-4B2B-80E1-4FDE1A1C4E69}"
EndProject
Project("{8BC9CEB8-8B4A-11D0-8D11-00A0C91BC942}") = "convert2dxtn", "commandline\convert2dxtn\convert2dxtn.vcxproj", "{F7404001-6D28-4698-9BF8-5B26426765EA}"
EndProject
Project("{8BC9CEB8-8B4A-11D0-8D11-00A0C91BC942}") = "freetype", "..\lib\freetype\builds\win32\visualc\freetype.vcxproj", "{6D333C70-A27D-4E25-AD26-BB9E20558B8F}"
EndProject
Project("{8BC9CEB8-8B4A-11D0-8D11-00A0C91BC942}") = "imgextract", "commandline\imgextract\imgextract.vcxproj", "{C7994437-04EF-462B-B995-F744F49AE809}"
EndProject
Project("{8BC9CEB8-8B4A-11D0-8D11-00A0C91BC942}") = "imgrestore", "commandline\imgrestore\imgrestore.vcxproj", "{1E656B04-BF88-4DCC-9E1F-8C8D66221D72}"
EndProject
Project("{8BC9CEB8-8B4A-11D0-8D11-00A0C91BC942}") = "libpng", "..\build\win32\libpng.vcxproj", "{492CA803-8196-4C47-A3BD-84B7C2D9514D}"
EndProject
Project("{8BC9CEB8-8B4A-11D0-8D11-00A0C91BC942}") = "log", "..\lib\log\log.vcxproj", "{D1FB06CB-0811-4D9E-809E-951CD961DFEB}"
EndProject
Project("{8BC9CEB8-8B4A-11D0-8D11-00A0C91BC942}") = "mayaDagSelection4", "..\lib\maya\mayaDagSelection4.vcxproj", "{B65EE5BE-C178-4514-BC51-EA3FDE1B8093}"
EndProject
Project("{8BC9CEB8-8B4A-11D0-8D11-00A0C91BC942}") = "mayaModifierStack4", "..\lib\maya\mayaModifierStack4.vcxproj", "{8F3A36B8-77DE-44FB-A395-511FF226FD03}"
EndProject
Project("{8BC9CEB8-8B4A-11D0-8D11-00A0C91BC942}") = "mayaProgress4", "..\lib\maya\mayaProgress4.vcxproj", "{0B8EC31F-14EA-4EEC-95B4-6102EECDDFF3}"
EndProject
Project("{8BC9CEB8-8B4A-11D0-8D11-00A0C91BC942}") = "mayaShadingGroup", "..\lib\maya\mayaShadingGroup.vcxproj", "{FB0EB3DA-64E3-4091-8C83-27DC3B4A7DD3}"
EndProject
Project("{8BC9CEB8-8B4A-11D0-8D11-00A0C91BC942}") = "mayaWorkspace", "..\lib\maya\mayaWorkspace.vcxproj", "{3CE32BC5-CF7D-4504-BA9D-B1E365604FF6}"
EndProject
Project("{8BC9CEB8-8B4A-11D0-8D11-00A0C91BC942}") = "memoryTrack", "..\lib\memoryTrack\memoryTrack.vcxproj", "{7FA4EDCD-0E9C-4803-9C83-B49B322C82DA}"
EndProject
Project("{8BC9CEB8-8B4A-11D0-8D11-00A0C91BC942}") = "p3danim", "commandline\p3danim\p3danim.vcxproj", "{DF8C889F-80FB-47D5-891C-31F045FDFD9C}"
EndProject
Project("{8BC9CEB8-8B4A-11D0-8D11-00A0C91BC942}") = "p3dcompress", "commandline\p3dcompress\p3dcompress.vcxproj", "{A79CB317-BABA-4450-9EB8-3D2254D21253}"
EndProject
Project("{8BC9CEB8-8B4A-11D0-8D11-00A0C91BC942}") = "p3dconvert", "commandline\p3dconvert\p3dconvert.vcxproj", "{461BF060-4B54-4D3C-B42C-E6CACDBBB10C}"
EndProject
Project("{8BC9CEB8-8B4A-11D0-8D11-00A0C91BC942}") = "p3dcopy", "commandline\p3dcopy\p3dcopy.vcxproj", "{CAC52AB4-4963-4E22-A9E7-4E99D429F04B}"
EndProject
Project("{8BC9CEB8-8B4A-11D0-8D11-00A0C91BC942}") = "p3ddeindex", "commandline\p3ddeindex\p3ddeindex.vcxproj", "{45B02CD7-E041-40D8-9520-59D621132497}"
EndProject
Project("{8BC9CEB8-8B4A-11D0-8D11-00A0C91BC942}") = "p3ddel", "commandline\p3ddel\p3ddel.vcxproj", "{A7DFC4D3-FD76-4375-AD16-009BC39A697D}"
EndProject
Project("{8BC9CEB8-8B4A-11D0-8D11-00A0C91BC942}") = "p3ddiff", "gui-win32\p3ddiff\p3ddiff.vcxproj", "{84451C74-4E26-4557-9FB8-8C26243DAC55}"
EndProject
Project("{8BC9CEB8-8B4A-11D0-8D11-00A0C91BC942}") = "p3dexplorer", "gui-win32\p3dexplorer\p3dexplorer.vcxproj", "{72FA5E78-A53E-42DF-9EB2-1A3D6DF475A2}"
EndProject
Project("{8BC9CEB8-8B4A-11D0-8D11-00A0C91BC942}") = "p3dextract", "commandline\p3dextract\p3dextract.vcxproj", "{7E29F277-2F73-4613-95B8-AA94B6B7A31C}"
EndProject
Project("{8BC9CEB8-8B4A-11D0-8D11-00A0C91BC942}") = "p3dgc", "commandline\p3dgc\p3dgc.vcxproj", "{44AB737E-AA4F-47AA-943B-D2ABA9CB424B}"
EndProject
Project("{8BC9CEB8-8B4A-11D0-8D11-00A0C91BC942}") = "p3dimage", "commandline\p3dimage\p3dimage.vcxproj", "{AFE81408-CC31-4EAF-9597-4931F6C08CED}"
EndProject
Project("{8BC9CEB8-8B4A-11D0-8D11-00A0C91BC942}") = "p3djoin", "commandline\p3djoin\p3djoin.vcxproj", "{D6A46A8D-8DE8-465E-8CB2-532207C77311}"
EndProject
Project("{8BC9CEB8-8B4A-11D0-8D11-00A0C91BC942}") = "p3dlight", "commandline\p3dlight\p3dlight.vcxproj", "{9E1AB5A7-CE25-4BBB-AA6B-4F3F192166E4}"
EndProject
Project("{8BC9CEB8-8B4A-11D0-8D11-00A0C91BC942}") = "p3dmakefont", "commandline\p3dmakefont\p3dmakefont.vcxproj", "{BAA7376A-7A95-4D89-8E0E-27B8F1FF0E38}"
EndProject
Project("{8BC9CEB8-8B4A-11D0-8D11-00A0C91BC942}") = "p3dmayaexp4", "exporters\p3dmayaexp\p3dmayaexp40.vcxproj", "{8D104C37-F7AA-43E0-A24E-95A90D99D07C}"
EndProject
Project("{8BC9CEB8-8B4A-11D0-8D11-00A0C91BC942}") = "p3dmemchunk", "commandline\p3dmemchunk\p3dmemchunk.vcxproj", "{EF07EBF3-6C08-47EF-8E8E-80EF954F51A5}"
EndProject
Project("{8BC9CEB8-8B4A-11D0-8D11-00A0C91BC942}") = "p3dmergesg", "commandline\p3dmergesg\p3dmergesg.vcxproj", "{501440F6-E442-4249-B7B3-5775C65B478E}"
EndProject
Project("{8BC9CEB8-8B4A-11D0-8D11-00A0C91BC942}") = "p3dmipmap", "commandline\p3dmipmap\p3dmipmap.vcxproj", "{2F8FF850-120B-4D10-85FE-42D839E1D27F}"
EndProject
Project("{8BC9CEB8-8B4A-11D0-8D11-00A0C91BC942}") = "p3dmutate", "commandline\p3dmutate\p3dmutate.vcxproj", "{A3C2F702-CE80-48D6-9217-E73E93F19F88}"
EndProject
Project("{8BC9CEB8-8B4A-11D0-8D11-00A0C91BC942}") = "p3doffopt", "commandline\p3doffopt\p3doffopt.vcxproj", "{04D8A7AB-61CD-441F-B1EF-9DD62EA58F36}"
EndProject
Project("{8BC9CEB8-8B4A-11D0-8D11-00A0C91BC942}") = "p3dpack", "commandline\p3dpack\p3dpack.vcxproj", "{6D5BB40B-F4BD-4297-9690-012084EEA51A}"
EndProject
Project("{8BC9CEB8-8B4A-11D0-8D11-00A0C91BC942}") = "p3dphotonmap", "commandline\p3dphotonmap\p3dphotonmap.vcxproj", "{8D248DFA-08AD-4C50-9EBD-6D4846A36D41}"
EndProject
Project("{8BC9CEB8-8B4A-11D0-8D11-00A0C91BC942}") = "p3dprimgroup", "commandline\p3dprimgroup\p3dprimgroup.vcxproj", "{B146F984-5DD9-4CDB-BF81-6425429C9A2D}"
EndProject
Project("{8BC9CEB8-8B4A-11D0-8D11-00A0C91BC942}") = "p3dprint", "commandline\p3dprint\p3dprint.vcxproj", "{C839D56B-8F69-4CDC-A859-2C175D35EF51}"
EndProject
Project("{8BC9CEB8-8B4A-11D0-8D11-00A0C91BC942}") = "p3dps2", "commandline\p3dps2\p3dps2.vcxproj", "{4EACB4D4-6314-4538-B3C8-CFA3305682AB}"
EndProject
Project("{8BC9CEB8-8B4A-11D0-8D11-00A0C91BC942}") = "p3drule", "commandline\p3drule\p3drule.vcxproj", "{E11B9464-10EE-4EAA-A3A9-ABABF6095FEE}"
EndProject
Project("{8BC9CEB8-8B4A-11D0-8D11-00A0C91BC942}") = "p3dscale", "commandline\p3dscale\p3dscale.vcxproj", "{5EFF5296-BC3D-4F3B-8DB6-281B3533F039}"
EndProject
Project("{8BC9CEB8-8B4A-11D0-8D11-00A0C91BC942}") = "p3dshaderopt", "commandline\p3dshaderopt\p3dshaderopt.vcxproj", "{01C42D74-DC90-4A98-A9E5-FCB02FA8371B}"
EndProject
Project("{8BC9CEB8-8B4A-11D0-8D11-00A0C91BC942}") = "p3dshadowvol", "commandline\p3dshadowvol\p3dshadowvol.vcxproj", "{1C89FF88-42FF-4041-B176-1FABF8F1E0A4}"
EndProject
Project("{8BC9CEB8-8B4A-11D0-8D11-00A0C91BC942}") = "p3dskin", "commandline\p3dskin\p3dskin.vcxproj", "{ECBD49BD-3B71-46A5-A1B1-73652FC3AA49}"
EndProject
Project("{8BC9CEB8-8B4A-11D0-8D11-00A0C91BC942}") = "p3dsubdivide", "commandline\p3dsubdivide\p3dsubdivide.vcxproj", "{9852D690-171B-49EE-ABB5-CE50DBC47F64}"
EndProject
Project("{8BC9CEB8-8B4A-11D0-8D11-00A0C91BC942}") = "p3duid", "COMMANDLINE\p3duid\p3duid.vcxproj", "{C37F6BA9-70CD-4098-B09D-6B08EAF9AB43}"
EndProject
Project("{8BC9CEB8-8B4A-11D0-8D11-00A0C91BC942}") = "p3dunishader", "commandline\p3dunishader\p3dunishader.vcxproj", "{CFEE729C-E2CE-4FA9-8769-62748F6BEC92}"
EndProject
Project("{8BC9CEB8-8B4A-11D0-8D11-00A0C91BC942}") = "p3duv", "commandline\p3duv\p3duv.vcxproj", "{3661387E-EBEB-489C-B77A-F6CF8CC5C697}"
EndProject
Project("{8BC9CEB8-8B4A-11D0-8D11-00A0C91BC942}") = "p3dvertex", "commandline\p3dvertex\p3dvertex.vcxproj", "{C225239C-43FA-4625-A4F8-CAD5D2CAD6A0}"
EndProject
Project("{8BC9CEB8-8B4A-11D0-8D11-00A0C91BC942}") = "p3dvertexinfo", "commandline\p3dvertexinfo\p3dvertexinfo.vcxproj", "{9D9AA79F-5A27-4F01-9254-56A532FDEF1B}"
EndProject
Project("{8BC9CEB8-8B4A-11D0-8D11-00A0C91BC942}") = "p3dworldspace", "commandline\p3dworldspace\p3dworldspace.vcxproj", "{84160789-5273-454F-80F9-CA889B5751F2}"
EndProject
Project("{8BC9CEB8-8B4A-11D0-8D11-00A0C91BC942}") = "p3dxbox", "commandline\p3dxbox\p3dxbox.vcxproj", "{622822EE-81BC-4CBA-AC16-2DC304BE6DCF}"
EndProject
Project("{8BC9CEB8-8B4A-11D0-8D11-00A0C91BC942}") = "radmath", "..\..\radmath\build\win32\radmath.vcxproj", "{906E914F-EB63-4B12-9F07-00A727472080}"
EndProject
Project("{8BC9CEB8-8B4A-11D0-8D11-00A0C91BC942}") = "regex", "..\lib\regex\regex.vcxproj", "{F56859D4-9005-4612-AA23-6F7CB5369CA7}"
EndProject
Project("{8BC9CEB8-8B4A-11D0-8D11-00A0C91BC942}") = "rule", "..\lib\rule\rule.vcxproj", "{D53664DF-B602-40AD-8067-9D0334FBB336}"
EndProject
Project("{8BC9CEB8-8B4A-11D0-8D11-00A0C91BC942}") = "simobj", "commandline\simobj\simobj.vcxproj", "{35E020DC-1FA0-4C94-A3FA-26937B9BFA79}"
EndProject
Project("{8BC9CEB8-8B4A-11D0-8D11-00A0C91BC942}") = "token", "..\lib\tokenize\token.vcxproj", "{9ADA6567-A315-4D03-814D-728E1BCEEB66}"
EndProject
Project("{8BC9CEB8-8B4A-11D0-8D11-00A0C91BC942}") = "toollib", "..\toollib\toollib.vcxproj", "{467CB4E6-6A88-48AF-9CF4-3C1B5AD13F29}"
EndProject
Project("{8BC9CEB8-8B4A-11D0-8D11-00A0C91BC942}") = "toollib_extras", "..\toollib\toollib_extras.vcxproj", "{CDB92E4A-1E5D-49A8-8153-34264B3FEF29}"
EndProject
Project("{8BC9CEB8-8B4A-11D0-8D11-00A0C91BC942}") = "tristrip", "commandline\tristrip\tristrip.vcxproj", "{8210C86D-9664-4091-A392-AE6652AF6B45}"
EndProject
Project("{8BC9CEB8-8B4A-11D0-8D11-00A0C91BC942}") = "zlib", "..\build\win32\zlib.vcxproj", "{A21A1BC1-C10B-4260-B494-A51A1E79A40E}"
EndProject
Project("{8BC9CEB8-8B4A-11D0-8D11-00A0C91BC942}") = "p3dmulticbv", "commandline\p3dmulticbv\p3dmulticbv.vcxproj", "{A94B2E20-817F-4C14-B1E1-4E2B06B6E07F}"
EndProject
Global
	GlobalSection(SolutionConfigurationPlatforms) = preSolution
		Debug|x86 = Debug|x86
		Release|x86 = Release|x86
		Tools Debug|x86 = Tools Debug|x86
		Tools Release|x86 = Tools Release|x86
		Tune|x86 = Tune|x86
	EndGlobalSection
	GlobalSection(ProjectConfigurationPlatforms) = postSolution
		{B9DA0128-D5AD-4347-9B8C-13280EBCB060}.Debug|x86.ActiveCfg = Debug|Win32
		{B9DA0128-D5AD-4347-9B8C-13280EBCB060}.Debug|x86.Build.0 = Debug|Win32
		{B9DA0128-D5AD-4347-9B8C-13280EBCB060}.Release|x86.ActiveCfg = Release|Win32
		{B9DA0128-D5AD-4347-9B8C-13280EBCB060}.Release|x86.Build.0 = Release|Win32
		{B9DA0128-D5AD-4347-9B8C-13280EBCB060}.Tools Debug|x86.ActiveCfg = Debug|Win32
		{B9DA0128-D5AD-4347-9B8C-13280EBCB060}.Tools Debug|x86.Build.0 = Debug|Win32
		{B9DA0128-D5AD-4347-9B8C-13280EBCB060}.Tools Release|x86.ActiveCfg = Release|Win32
		{B9DA0128-D5AD-4347-9B8C-13280EBCB060}.Tools Release|x86.Build.0 = Release|Win32
		{B9DA0128-D5AD-4347-9B8C-13280EBCB060}.Tune|x86.ActiveCfg = Debug|Win32
		{B9DA0128-D5AD-4347-9B8C-13280EBCB060}.Tune|x86.Build.0 = Debug|Win32
		{39CC8751-0CDA-4A94-B0B2-CD02D2898A3C}.Debug|x86.ActiveCfg = Debug|Win32
		{39CC8751-0CDA-4A94-B0B2-CD02D2898A3C}.Debug|x86.Build.0 = Debug|Win32
		{39CC8751-0CDA-4A94-B0B2-CD02D2898A3C}.Release|x86.ActiveCfg = Release|Win32
		{39CC8751-0CDA-4A94-B0B2-CD02D2898A3C}.Release|x86.Build.0 = Release|Win32
		{39CC8751-0CDA-4A94-B0B2-CD02D2898A3C}.Tools Debug|x86.ActiveCfg = Debug|Win32
		{39CC8751-0CDA-4A94-B0B2-CD02D2898A3C}.Tools Debug|x86.Build.0 = Debug|Win32
		{39CC8751-0CDA-4A94-B0B2-CD02D2898A3C}.Tools Release|x86.ActiveCfg = Release|Win32
		{39CC8751-0CDA-4A94-B0B2-CD02D2898A3C}.Tools Release|x86.Build.0 = Release|Win32
		{39CC8751-0CDA-4A94-B0B2-CD02D2898A3C}.Tune|x86.ActiveCfg = Release|Win32
		{39CC8751-0CDA-4A94-B0B2-CD02D2898A3C}.Tune|x86.Build.0 = Release|Win32
		{5C193282-9943-4A6B-9FCE-F7B011ADFF0B}.Debug|x86.ActiveCfg = Debug|Win32
		{5C193282-9943-4A6B-9FCE-F7B011ADFF0B}.Debug|x86.Build.0 = Debug|Win32
		{5C193282-9943-4A6B-9FCE-F7B011ADFF0B}.Release|x86.ActiveCfg = Release|Win32
		{5C193282-9943-4A6B-9FCE-F7B011ADFF0B}.Release|x86.Build.0 = Release|Win32
		{5C193282-9943-4A6B-9FCE-F7B011ADFF0B}.Tools Debug|x86.ActiveCfg = Debug|Win32
		{5C193282-9943-4A6B-9FCE-F7B011ADFF0B}.Tools Debug|x86.Build.0 = Debug|Win32
		{5C193282-9943-4A6B-9FCE-F7B011ADFF0B}.Tools Release|x86.ActiveCfg = Release|Win32
		{5C193282-9943-4A6B-9FCE-F7B011ADFF0B}.Tools Release|x86.Build.0 = Release|Win32
		{5C193282-9943-4A6B-9FCE-F7B011ADFF0B}.Tune|x86.ActiveCfg = Debug|Win32
		{5C193282-9943-4A6B-9FCE-F7B011ADFF0B}.Tune|x86.Build.0 = Debug|Win32
		{9A911956-CB56-4B2B-80E1-4FDE1A1C4E69}.Debug|x86.ActiveCfg = Debug|Win32
		{9A911956-CB56-4B2B-80E1-4FDE1A1C4E69}.Debug|x86.Build.0 = Debug|Win32
		{9A911956-CB56-4B2B-80E1-4FDE1A1C4E69}.Release|x86.ActiveCfg = Release|Win32
		{9A911956-CB56-4B2B-80E1-4FDE1A1C4E69}.Release|x86.Build.0 = Release|Win32
		{9A911956-CB56-4B2B-80E1-4FDE1A1C4E69}.Tools Debug|x86.ActiveCfg = Debug|Win32
		{9A911956-CB56-4B2B-80E1-4FDE1A1C4E69}.Tools Debug|x86.Build.0 = Debug|Win32
		{9A911956-CB56-4B2B-80E1-4FDE1A1C4E69}.Tools Release|x86.ActiveCfg = Release|Win32
		{9A911956-CB56-4B2B-80E1-4FDE1A1C4E69}.Tools Release|x86.Build.0 = Release|Win32
		{9A911956-CB56-4B2B-80E1-4FDE1A1C4E69}.Tune|x86.ActiveCfg = Debug|Win32
		{9A911956-CB56-4B2B-80E1-4FDE1A1C4E69}.Tune|x86.Build.0 = Debug|Win32
		{F7404001-6D28-4698-9BF8-5B26426765EA}.Debug|x86.ActiveCfg = Debug|Win32
		{F7404001-6D28-4698-9BF8-5B26426765EA}.Release|x86.ActiveCfg = Release|Win32
		{F7404001-6D28-4698-9BF8-5B26426765EA}.Tools Debug|x86.ActiveCfg = Release|Win32
		{F7404001-6D28-4698-9BF8-5B26426765EA}.Tools Debug|x86.Build.0 = Release|Win32
		{F7404001-6D28-4698-9BF8-5B26426765EA}.Tools Release|x86.ActiveCfg = Release|Win32
		{F7404001-6D28-4698-9BF8-5B26426765EA}.Tools Release|x86.Build.0 = Release|Win32
		{F7404001-6D28-4698-9BF8-5B26426765EA}.Tune|x86.ActiveCfg = Release|Win32
		{F7404001-6D28-4698-9BF8-5B26426765EA}.Tune|x86.Build.0 = Release|Win32
		{6D333C70-A27D-4E25-AD26-BB9E20558B8F}.Debug|x86.ActiveCfg = Debug|Win32
		{6D333C70-A27D-4E25-AD26-BB9E20558B8F}.Release|x86.ActiveCfg = Release|Win32
		{6D333C70-A27D-4E25-AD26-BB9E20558B8F}.Tools Debug|x86.ActiveCfg = Tools Debug|Win32
		{6D333C70-A27D-4E25-AD26-BB9E20558B8F}.Tools Release|x86.ActiveCfg = Tools Release|Win32
		{6D333C70-A27D-4E25-AD26-BB9E20558B8F}.Tune|x86.ActiveCfg = Tools Debug|Win32
		{6D333C70-A27D-4E25-AD26-BB9E20558B8F}.Tune|x86.Build.0 = Tools Debug|Win32
		{C7994437-04EF-462B-B995-F744F49AE809}.Debug|x86.ActiveCfg = Debug|Win32
		{C7994437-04EF-462B-B995-F744F49AE809}.Debug|x86.Build.0 = Debug|Win32
		{C7994437-04EF-462B-B995-F744F49AE809}.Release|x86.ActiveCfg = Release|Win32
		{C7994437-04EF-462B-B995-F744F49AE809}.Release|x86.Build.0 = Release|Win32
		{C7994437-04EF-462B-B995-F744F49AE809}.Tools Debug|x86.ActiveCfg = Debug|Win32
		{C7994437-04EF-462B-B995-F744F49AE809}.Tools Debug|x86.Build.0 = Debug|Win32
		{C7994437-04EF-462B-B995-F744F49AE809}.Tools Release|x86.ActiveCfg = Release|Win32
		{C7994437-04EF-462B-B995-F744F49AE809}.Tools Release|x86.Build.0 = Release|Win32
		{C7994437-04EF-462B-B995-F744F49AE809}.Tune|x86.ActiveCfg = Debug|Win32
		{C7994437-04EF-462B-B995-F744F49AE809}.Tune|x86.Build.0 = Debug|Win32
		{1E656B04-BF88-4DCC-9E1F-8C8D66221D72}.Debug|x86.ActiveCfg = Debug|Win32
		{1E656B04-BF88-4DCC-9E1F-8C8D66221D72}.Debug|x86.Build.0 = Debug|Win32
		{1E656B04-BF88-4DCC-9E1F-8C8D66221D72}.Release|x86.ActiveCfg = Release|Win32
		{1E656B04-BF88-4DCC-9E1F-8C8D66221D72}.Release|x86.Build.0 = Release|Win32
		{1E656B04-BF88-4DCC-9E1F-8C8D66221D72}.Tools Debug|x86.ActiveCfg = Debug|Win32
		{1E656B04-BF88-4DCC-9E1F-8C8D66221D72}.Tools Debug|x86.Build.0 = Debug|Win32
		{1E656B04-BF88-4DCC-9E1F-8C8D66221D72}.Tools Release|x86.ActiveCfg = Release|Win32
		{1E656B04-BF88-4DCC-9E1F-8C8D66221D72}.Tools Release|x86.Build.0 = Release|Win32
		{1E656B04-BF88-4DCC-9E1F-8C8D66221D72}.Tune|x86.ActiveCfg = Debug|Win32
		{1E656B04-BF88-4DCC-9E1F-8C8D66221D72}.Tune|x86.Build.0 = Debug|Win32
		{492CA803-8196-4C47-A3BD-84B7C2D9514D}.Debug|x86.ActiveCfg = Debug|Win32
		{492CA803-8196-4C47-A3BD-84B7C2D9514D}.Release|x86.ActiveCfg = Release|Win32
		{492CA803-8196-4C47-A3BD-84B7C2D9514D}.Tools Debug|x86.ActiveCfg = Tools Debug|Win32
		{492CA803-8196-4C47-A3BD-84B7C2D9514D}.Tools Release|x86.ActiveCfg = Tools Release|Win32
		{492CA803-8196-4C47-A3BD-84B7C2D9514D}.Tune|x86.ActiveCfg = Tune|Win32
		{D1FB06CB-0811-4D9E-809E-951CD961DFEB}.Debug|x86.ActiveCfg = Debug|Win32
		{D1FB06CB-0811-4D9E-809E-951CD961DFEB}.Debug|x86.Build.0 = Debug|Win32
		{D1FB06CB-0811-4D9E-809E-951CD961DFEB}.Release|x86.ActiveCfg = Release|Win32
		{D1FB06CB-0811-4D9E-809E-951CD961DFEB}.Release|x86.Build.0 = Release|Win32
		{D1FB06CB-0811-4D9E-809E-951CD961DFEB}.Tools Debug|x86.ActiveCfg = Tools Debug|Win32
		{D1FB06CB-0811-4D9E-809E-951CD961DFEB}.Tools Debug|x86.Build.0 = Tools Debug|Win32
		{D1FB06CB-0811-4D9E-809E-951CD961DFEB}.Tools Release|x86.ActiveCfg = Tools Release|Win32
		{D1FB06CB-0811-4D9E-809E-951CD961DFEB}.Tools Release|x86.Build.0 = Tools Release|Win32
		{D1FB06CB-0811-4D9E-809E-951CD961DFEB}.Tune|x86.ActiveCfg = Tools Debug|Win32
		{D1FB06CB-0811-4D9E-809E-951CD961DFEB}.Tune|x86.Build.0 = Tools Debug|Win32
		{B65EE5BE-C178-4514-BC51-EA3FDE1B8093}.Debug|x86.ActiveCfg = Tools Debug|Win32
		{B65EE5BE-C178-4514-BC51-EA3FDE1B8093}.Debug|x86.Build.0 = Tools Debug|Win32
		{B65EE5BE-C178-4514-BC51-EA3FDE1B8093}.Release|x86.ActiveCfg = Tools Release|Win32
		{B65EE5BE-C178-4514-BC51-EA3FDE1B8093}.Release|x86.Build.0 = Tools Release|Win32
		{B65EE5BE-C178-4514-BC51-EA3FDE1B8093}.Tools Debug|x86.ActiveCfg = Tools Debug|Win32
		{B65EE5BE-C178-4514-BC51-EA3FDE1B8093}.Tools Debug|x86.Build.0 = Tools Debug|Win32
		{B65EE5BE-C178-4514-BC51-EA3FDE1B8093}.Tools Release|x86.ActiveCfg = Tools Release|Win32
		{B65EE5BE-C178-4514-BC51-EA3FDE1B8093}.Tools Release|x86.Build.0 = Tools Release|Win32
		{B65EE5BE-C178-4514-BC51-EA3FDE1B8093}.Tune|x86.ActiveCfg = Tools Debug|Win32
		{B65EE5BE-C178-4514-BC51-EA3FDE1B8093}.Tune|x86.Build.0 = Tools Debug|Win32
		{8F3A36B8-77DE-44FB-A395-511FF226FD03}.Debug|x86.ActiveCfg = Tools Debug|Win32
		{8F3A36B8-77DE-44FB-A395-511FF226FD03}.Debug|x86.Build.0 = Tools Debug|Win32
		{8F3A36B8-77DE-44FB-A395-511FF226FD03}.Release|x86.ActiveCfg = Tools Release|Win32
		{8F3A36B8-77DE-44FB-A395-511FF226FD03}.Release|x86.Build.0 = Tools Release|Win32
		{8F3A36B8-77DE-44FB-A395-511FF226FD03}.Tools Debug|x86.ActiveCfg = Tools Debug|Win32
		{8F3A36B8-77DE-44FB-A395-511FF226FD03}.Tools Debug|x86.Build.0 = Tools Debug|Win32
		{8F3A36B8-77DE-44FB-A395-511FF226FD03}.Tools Release|x86.ActiveCfg = Tools Release|Win32
		{8F3A36B8-77DE-44FB-A395-511FF226FD03}.Tools Release|x86.Build.0 = Tools Release|Win32
		{8F3A36B8-77DE-44FB-A395-511FF226FD03}.Tune|x86.ActiveCfg = Tools Release|Win32
		{8F3A36B8-77DE-44FB-A395-511FF226FD03}.Tune|x86.Build.0 = Tools Release|Win32
		{0B8EC31F-14EA-4EEC-95B4-6102EECDDFF3}.Debug|x86.ActiveCfg = Tools Debug|Win32
		{0B8EC31F-14EA-4EEC-95B4-6102EECDDFF3}.Debug|x86.Build.0 = Tools Debug|Win32
		{0B8EC31F-14EA-4EEC-95B4-6102EECDDFF3}.Release|x86.ActiveCfg = Tools Release|Win32
		{0B8EC31F-14EA-4EEC-95B4-6102EECDDFF3}.Release|x86.Build.0 = Tools Release|Win32
		{0B8EC31F-14EA-4EEC-95B4-6102EECDDFF3}.Tools Debug|x86.ActiveCfg = Tools Debug|Win32
		{0B8EC31F-14EA-4EEC-95B4-6102EECDDFF3}.Tools Debug|x86.Build.0 = Tools Debug|Win32
		{0B8EC31F-14EA-4EEC-95B4-6102EECDDFF3}.Tools Release|x86.ActiveCfg = Tools Release|Win32
		{0B8EC31F-14EA-4EEC-95B4-6102EECDDFF3}.Tools Release|x86.Build.0 = Tools Release|Win32
		{0B8EC31F-14EA-4EEC-95B4-6102EECDDFF3}.Tune|x86.ActiveCfg = Tools Debug|Win32
		{0B8EC31F-14EA-4EEC-95B4-6102EECDDFF3}.Tune|x86.Build.0 = Tools Debug|Win32
		{FB0EB3DA-64E3-4091-8C83-27DC3B4A7DD3}.Debug|x86.ActiveCfg = Tools Debug|Win32
		{FB0EB3DA-64E3-4091-8C83-27DC3B4A7DD3}.Debug|x86.Build.0 = Tools Debug|Win32
		{FB0EB3DA-64E3-4091-8C83-27DC3B4A7DD3}.Release|x86.ActiveCfg = Tools Release|Win32
		{FB0EB3DA-64E3-4091-8C83-27DC3B4A7DD3}.Release|x86.Build.0 = Tools Release|Win32
		{FB0EB3DA-64E3-4091-8C83-27DC3B4A7DD3}.Tools Debug|x86.ActiveCfg = Tools Debug|Win32
		{FB0EB3DA-64E3-4091-8C83-27DC3B4A7DD3}.Tools Debug|x86.Build.0 = Tools Debug|Win32
		{FB0EB3DA-64E3-4091-8C83-27DC3B4A7DD3}.Tools Release|x86.ActiveCfg = Tools Release|Win32
		{FB0EB3DA-64E3-4091-8C83-27DC3B4A7DD3}.Tools Release|x86.Build.0 = Tools Release|Win32
		{FB0EB3DA-64E3-4091-8C83-27DC3B4A7DD3}.Tune|x86.ActiveCfg = Tools Release|Win32
		{FB0EB3DA-64E3-4091-8C83-27DC3B4A7DD3}.Tune|x86.Build.0 = Tools Release|Win32
		{3CE32BC5-CF7D-4504-BA9D-B1E365604FF6}.Debug|x86.ActiveCfg = Tools Debug|Win32
		{3CE32BC5-CF7D-4504-BA9D-B1E365604FF6}.Debug|x86.Build.0 = Tools Debug|Win32
		{3CE32BC5-CF7D-4504-BA9D-B1E365604FF6}.Release|x86.ActiveCfg = Tools Release|Win32
		{3CE32BC5-CF7D-4504-BA9D-B1E365604FF6}.Release|x86.Build.0 = Tools Release|Win32
		{3CE32BC5-CF7D-4504-BA9D-B1E365604FF6}.Tools Debug|x86.ActiveCfg = Tools Debug|Win32
		{3CE32BC5-CF7D-4504-BA9D-B1E365604FF6}.Tools Debug|x86.Build.0 = Tools Debug|Win32
		{3CE32BC5-CF7D-4504-BA9D-B1E365604FF6}.Tools Release|x86.ActiveCfg = Tools Release|Win32
		{3CE32BC5-CF7D-4504-BA9D-B1E365604FF6}.Tools Release|x86.Build.0 = Tools Release|Win32
		{3CE32BC5-CF7D-4504-BA9D-B1E365604FF6}.Tune|x86.ActiveCfg = Tools Debug|Win32
		{3CE32BC5-CF7D-4504-BA9D-B1E365604FF6}.Tune|x86.Build.0 = Tools Debug|Win32
		{7FA4EDCD-0E9C-4803-9C83-B49B322C82DA}.Debug|x86.ActiveCfg = Debug|Win32
		{7FA4EDCD-0E9C-4803-9C83-B49B322C82DA}.Debug|x86.Build.0 = Debug|Win32
		{7FA4EDCD-0E9C-4803-9C83-B49B322C82DA}.Release|x86.ActiveCfg = Release|Win32
		{7FA4EDCD-0E9C-4803-9C83-B49B322C82DA}.Release|x86.Build.0 = Release|Win32
		{7FA4EDCD-0E9C-4803-9C83-B49B322C82DA}.Tools Debug|x86.ActiveCfg = Tools Debug|Win32
		{7FA4EDCD-0E9C-4803-9C83-B49B322C82DA}.Tools Debug|x86.Build.0 = Tools Debug|Win32
		{7FA4EDCD-0E9C-4803-9C83-B49B322C82DA}.Tools Release|x86.ActiveCfg = Tools Release|Win32
		{7FA4EDCD-0E9C-4803-9C83-B49B322C82DA}.Tools Release|x86.Build.0 = Tools Release|Win32
		{7FA4EDCD-0E9C-4803-9C83-B49B322C82DA}.Tune|x86.ActiveCfg = Tools Debug|Win32
		{7FA4EDCD-0E9C-4803-9C83-B49B322C82DA}.Tune|x86.Build.0 = Tools Debug|Win32
		{DF8C889F-80FB-47D5-891C-31F045FDFD9C}.Debug|x86.ActiveCfg = Debug|Win32
		{DF8C889F-80FB-47D5-891C-31F045FDFD9C}.Debug|x86.Build.0 = Debug|Win32
		{DF8C889F-80FB-47D5-891C-31F045FDFD9C}.Release|x86.ActiveCfg = Release|Win32
		{DF8C889F-80FB-47D5-891C-31F045FDFD9C}.Release|x86.Build.0 = Release|Win32
		{DF8C889F-80FB-47D5-891C-31F045FDFD9C}.Tools Debug|x86.ActiveCfg = Debug|Win32
		{DF8C889F-80FB-47D5-891C-31F045FDFD9C}.Tools Debug|x86.Build.0 = Debug|Win32
		{DF8C889F-80FB-47D5-891C-31F045FDFD9C}.Tools Release|x86.ActiveCfg = Release|Win32
		{DF8C889F-80FB-47D5-891C-31F045FDFD9C}.Tools Release|x86.Build.0 = Release|Win32
		{DF8C889F-80FB-47D5-891C-31F045FDFD9C}.Tune|x86.ActiveCfg = Debug|Win32
		{DF8C889F-80FB-47D5-891C-31F045FDFD9C}.Tune|x86.Build.0 = Debug|Win32
		{A79CB317-BABA-4450-9EB8-3D2254D21253}.Debug|x86.ActiveCfg = Debug|Win32
		{A79CB317-BABA-4450-9EB8-3D2254D21253}.Debug|x86.Build.0 = Debug|Win32
		{A79CB317-BABA-4450-9EB8-3D2254D21253}.Release|x86.ActiveCfg = Release|Win32
		{A79CB317-BABA-4450-9EB8-3D2254D21253}.Release|x86.Build.0 = Release|Win32
		{A79CB317-BABA-4450-9EB8-3D2254D21253}.Tools Debug|x86.ActiveCfg = Debug|Win32
		{A79CB317-BABA-4450-9EB8-3D2254D21253}.Tools Debug|x86.Build.0 = Debug|Win32
		{A79CB317-BABA-4450-9EB8-3D2254D21253}.Tools Release|x86.ActiveCfg = Release|Win32
		{A79CB317-BABA-4450-9EB8-3D2254D21253}.Tools Release|x86.Build.0 = Release|Win32
		{A79CB317-BABA-4450-9EB8-3D2254D21253}.Tune|x86.ActiveCfg = Debug|Win32
		{A79CB317-BABA-4450-9EB8-3D2254D21253}.Tune|x86.Build.0 = Debug|Win32
		{461BF060-4B54-4D3C-B42C-E6CACDBBB10C}.Debug|x86.ActiveCfg = Debug|Win32
		{461BF060-4B54-4D3C-B42C-E6CACDBBB10C}.Debug|x86.Build.0 = Debug|Win32
		{461BF060-4B54-4D3C-B42C-E6CACDBBB10C}.Release|x86.ActiveCfg = Release|Win32
		{461BF060-4B54-4D3C-B42C-E6CACDBBB10C}.Release|x86.Build.0 = Release|Win32
		{461BF060-4B54-4D3C-B42C-E6CACDBBB10C}.Tools Debug|x86.ActiveCfg = Debug|Win32
		{461BF060-4B54-4D3C-B42C-E6CACDBBB10C}.Tools Debug|x86.Build.0 = Debug|Win32
		{461BF060-4B54-4D3C-B42C-E6CACDBBB10C}.Tools Release|x86.ActiveCfg = Release|Win32
		{461BF060-4B54-4D3C-B42C-E6CACDBBB10C}.Tools Release|x86.Build.0 = Release|Win32
		{461BF060-4B54-4D3C-B42C-E6CACDBBB10C}.Tune|x86.ActiveCfg = Release|Win32
		{461BF060-4B54-4D3C-B42C-E6CACDBBB10C}.Tune|x86.Build.0 = Release|Win32
		{CAC52AB4-4963-4E22-A9E7-4E99D429F04B}.Debug|x86.ActiveCfg = Debug|Win32
		{CAC52AB4-4963-4E22-A9E7-4E99D429F04B}.Debug|x86.Build.0 = Debug|Win32
		{CAC52AB4-4963-4E22-A9E7-4E99D429F04B}.Release|x86.ActiveCfg = Release|Win32
		{CAC52AB4-4963-4E22-A9E7-4E99D429F04B}.Release|x86.Build.0 = Release|Win32
		{CAC52AB4-4963-4E22-A9E7-4E99D429F04B}.Tools Debug|x86.ActiveCfg = Debug|Win32
		{CAC52AB4-4963-4E22-A9E7-4E99D429F04B}.Tools Debug|x86.Build.0 = Debug|Win32
		{CAC52AB4-4963-4E22-A9E7-4E99D429F04B}.Tools Release|x86.ActiveCfg = Release|Win32
		{CAC52AB4-4963-4E22-A9E7-4E99D429F04B}.Tools Release|x86.Build.0 = Release|Win32
		{CAC52AB4-4963-4E22-A9E7-4E99D429F04B}.Tune|x86.ActiveCfg = Release|Win32
		{CAC52AB4-4963-4E22-A9E7-4E99D429F04B}.Tune|x86.Build.0 = Release|Win32
		{45B02CD7-E041-40D8-9520-59D621132497}.Debug|x86.ActiveCfg = Debug|Win32
		{45B02CD7-E041-40D8-9520-59D621132497}.Debug|x86.Build.0 = Debug|Win32
		{45B02CD7-E041-40D8-9520-59D621132497}.Release|x86.ActiveCfg = Release|Win32
		{45B02CD7-E041-40D8-9520-59D621132497}.Release|x86.Build.0 = Release|Win32
		{45B02CD7-E041-40D8-9520-59D621132497}.Tools Debug|x86.ActiveCfg = Debug|Win32
		{45B02CD7-E041-40D8-9520-59D621132497}.Tools Debug|x86.Build.0 = Debug|Win32
		{45B02CD7-E041-40D8-9520-59D621132497}.Tools Release|x86.ActiveCfg = Release|Win32
		{45B02CD7-E041-40D8-9520-59D621132497}.Tools Release|x86.Build.0 = Release|Win32
		{45B02CD7-E041-40D8-9520-59D621132497}.Tune|x86.ActiveCfg = Debug|Win32
		{45B02CD7-E041-40D8-9520-59D621132497}.Tune|x86.Build.0 = Debug|Win32
		{A7DFC4D3-FD76-4375-AD16-009BC39A697D}.Debug|x86.ActiveCfg = Debug|Win32
		{A7DFC4D3-FD76-4375-AD16-009BC39A697D}.Release|x86.ActiveCfg = Release|Win32
		{A7DFC4D3-FD76-4375-AD16-009BC39A697D}.Tools Debug|x86.ActiveCfg = Release|Win32
		{A7DFC4D3-FD76-4375-AD16-009BC39A697D}.Tools Debug|x86.Build.0 = Release|Win32
		{A7DFC4D3-FD76-4375-AD16-009BC39A697D}.Tools Release|x86.ActiveCfg = Release|Win32
		{A7DFC4D3-FD76-4375-AD16-009BC39A697D}.Tools Release|x86.Build.0 = Release|Win32
		{A7DFC4D3-FD76-4375-AD16-009BC39A697D}.Tune|x86.ActiveCfg = Release|Win32
		{A7DFC4D3-FD76-4375-AD16-009BC39A697D}.Tune|x86.Build.0 = Release|Win32
		{84451C74-4E26-4557-9FB8-8C26243DAC55}.Debug|x86.ActiveCfg = Debug|Win32
		{84451C74-4E26-4557-9FB8-8C26243DAC55}.Release|x86.ActiveCfg = Release|Win32
		{84451C74-4E26-4557-9FB8-8C26243DAC55}.Tools Debug|x86.ActiveCfg = Release|Win32
		{84451C74-4E26-4557-9FB8-8C26243DAC55}.Tools Debug|x86.Build.0 = Release|Win32
		{84451C74-4E26-4557-9FB8-8C26243DAC55}.Tools Release|x86.ActiveCfg = Release|Win32
		{84451C74-4E26-4557-9FB8-8C26243DAC55}.Tools Release|x86.Build.0 = Release|Win32
		{84451C74-4E26-4557-9FB8-8C26243DAC55}.Tune|x86.ActiveCfg = Release|Win32
		{84451C74-4E26-4557-9FB8-8C26243DAC55}.Tune|x86.Build.0 = Release|Win32
		{72FA5E78-A53E-42DF-9EB2-1A3D6DF475A2}.Debug|x86.ActiveCfg = Debug|Win32
		{72FA5E78-A53E-42DF-9EB2-1A3D6DF475A2}.Release|x86.ActiveCfg = Release|Win32
		{72FA5E78-A53E-42DF-9EB2-1A3D6DF475A2}.Tools Debug|x86.ActiveCfg = Release|Win32
		{72FA5E78-A53E-42DF-9EB2-1A3D6DF475A2}.Tools Debug|x86.Build.0 = Release|Win32
		{72FA5E78-A53E-42DF-9EB2-1A3D6DF475A2}.Tools Release|x86.ActiveCfg = Release|Win32
		{72FA5E78-A53E-42DF-9EB2-1A3D6DF475A2}.Tools Release|x86.Build.0 = Release|Win32
		{72FA5E78-A53E-42DF-9EB2-1A3D6DF475A2}.Tune|x86.ActiveCfg = Release|Win32
		{72FA5E78-A53E-42DF-9EB2-1A3D6DF475A2}.Tune|x86.Build.0 = Release|Win32
		{7E29F277-2F73-4613-95B8-AA94B6B7A31C}.Debug|x86.ActiveCfg = Debug|Win32
		{7E29F277-2F73-4613-95B8-AA94B6B7A31C}.Debug|x86.Build.0 = Debug|Win32
		{7E29F277-2F73-4613-95B8-AA94B6B7A31C}.Release|x86.ActiveCfg = Release|Win32
		{7E29F277-2F73-4613-95B8-AA94B6B7A31C}.Release|x86.Build.0 = Release|Win32
		{7E29F277-2F73-4613-95B8-AA94B6B7A31C}.Tools Debug|x86.ActiveCfg = Debug|Win32
		{7E29F277-2F73-4613-95B8-AA94B6B7A31C}.Tools Debug|x86.Build.0 = Debug|Win32
		{7E29F277-2F73-4613-95B8-AA94B6B7A31C}.Tools Release|x86.ActiveCfg = Release|Win32
		{7E29F277-2F73-4613-95B8-AA94B6B7A31C}.Tools Release|x86.Build.0 = Release|Win32
		{7E29F277-2F73-4613-95B8-AA94B6B7A31C}.Tune|x86.ActiveCfg = Debug|Win32
		{7E29F277-2F73-4613-95B8-AA94B6B7A31C}.Tune|x86.Build.0 = Debug|Win32
		{44AB737E-AA4F-47AA-943B-D2ABA9CB424B}.Debug|x86.ActiveCfg = Debug|Win32
		{44AB737E-AA4F-47AA-943B-D2ABA9CB424B}.Release|x86.ActiveCfg = Release|Win32
		{44AB737E-AA4F-47AA-943B-D2ABA9CB424B}.Tools Debug|x86.ActiveCfg = Release|Win32
		{44AB737E-AA4F-47AA-943B-D2ABA9CB424B}.Tools Debug|x86.Build.0 = Release|Win32
		{44AB737E-AA4F-47AA-943B-D2ABA9CB424B}.Tools Release|x86.ActiveCfg = Release|Win32
		{44AB737E-AA4F-47AA-943B-D2ABA9CB424B}.Tools Release|x86.Build.0 = Release|Win32
		{44AB737E-AA4F-47AA-943B-D2ABA9CB424B}.Tune|x86.ActiveCfg = Release|Win32
		{44AB737E-AA4F-47AA-943B-D2ABA9CB424B}.Tune|x86.Build.0 = Release|Win32
		{AFE81408-CC31-4EAF-9597-4931F6C08CED}.Debug|x86.ActiveCfg = Debug|Win32
		{AFE81408-CC31-4EAF-9597-4931F6C08CED}.Release|x86.ActiveCfg = Release|Win32
		{AFE81408-CC31-4EAF-9597-4931F6C08CED}.Tools Debug|x86.ActiveCfg = Release|Win32
		{AFE81408-CC31-4EAF-9597-4931F6C08CED}.Tools Debug|x86.Build.0 = Release|Win32
		{AFE81408-CC31-4EAF-9597-4931F6C08CED}.Tools Release|x86.ActiveCfg = Release|Win32
		{AFE81408-CC31-4EAF-9597-4931F6C08CED}.Tools Release|x86.Build.0 = Release|Win32
		{AFE81408-CC31-4EAF-9597-4931F6C08CED}.Tune|x86.ActiveCfg = Release|Win32
		{AFE81408-CC31-4EAF-9597-4931F6C08CED}.Tune|x86.Build.0 = Release|Win32
		{D6A46A8D-8DE8-465E-8CB2-532207C77311}.Debug|x86.ActiveCfg = Debug|Win32
		{D6A46A8D-8DE8-465E-8CB2-532207C77311}.Debug|x86.Build.0 = Debug|Win32
		{D6A46A8D-8DE8-465E-8CB2-532207C77311}.Release|x86.ActiveCfg = Release|Win32
		{D6A46A8D-8DE8-465E-8CB2-532207C77311}.Release|x86.Build.0 = Release|Win32
		{D6A46A8D-8DE8-465E-8CB2-532207C77311}.Tools Debug|x86.ActiveCfg = Debug|Win32
		{D6A46A8D-8DE8-465E-8CB2-532207C77311}.Tools Debug|x86.Build.0 = Debug|Win32
		{D6A46A8D-8DE8-465E-8CB2-532207C77311}.Tools Release|x86.ActiveCfg = Release|Win32
		{D6A46A8D-8DE8-465E-8CB2-532207C77311}.Tools Release|x86.Build.0 = Release|Win32
		{D6A46A8D-8DE8-465E-8CB2-532207C77311}.Tune|x86.ActiveCfg = Release|Win32
		{D6A46A8D-8DE8-465E-8CB2-532207C77311}.Tune|x86.Build.0 = Release|Win32
		{9E1AB5A7-CE25-4BBB-AA6B-4F3F192166E4}.Debug|x86.ActiveCfg = Debug|Win32
		{9E1AB5A7-CE25-4BBB-AA6B-4F3F192166E4}.Debug|x86.Build.0 = Debug|Win32
		{9E1AB5A7-CE25-4BBB-AA6B-4F3F192166E4}.Release|x86.ActiveCfg = Release|Win32
		{9E1AB5A7-CE25-4BBB-AA6B-4F3F192166E4}.Release|x86.Build.0 = Release|Win32
		{9E1AB5A7-CE25-4BBB-AA6B-4F3F192166E4}.Tools Debug|x86.ActiveCfg = Debug|Win32
		{9E1AB5A7-CE25-4BBB-AA6B-4F3F192166E4}.Tools Debug|x86.Build.0 = Debug|Win32
		{9E1AB5A7-CE25-4BBB-AA6B-4F3F192166E4}.Tools Release|x86.ActiveCfg = Release|Win32
		{9E1AB5A7-CE25-4BBB-AA6B-4F3F192166E4}.Tools Release|x86.Build.0 = Release|Win32
		{9E1AB5A7-CE25-4BBB-AA6B-4F3F192166E4}.Tune|x86.ActiveCfg = Release|Win32
		{9E1AB5A7-CE25-4BBB-AA6B-4F3F192166E4}.Tune|x86.Build.0 = Release|Win32
		{BAA7376A-7A95-4D89-8E0E-27B8F1FF0E38}.Debug|x86.ActiveCfg = Debug|Win32
		{BAA7376A-7A95-4D89-8E0E-27B8F1FF0E38}.Debug|x86.Build.0 = Debug|Win32
		{BAA7376A-7A95-4D89-8E0E-27B8F1FF0E38}.Release|x86.ActiveCfg = Release|Win32
		{BAA7376A-7A95-4D89-8E0E-27B8F1FF0E38}.Release|x86.Build.0 = Release|Win32
		{BAA7376A-7A95-4D89-8E0E-27B8F1FF0E38}.Tools Debug|x86.ActiveCfg = Debug|Win32
		{BAA7376A-7A95-4D89-8E0E-27B8F1FF0E38}.Tools Debug|x86.Build.0 = Debug|Win32
		{BAA7376A-7A95-4D89-8E0E-27B8F1FF0E38}.Tools Release|x86.ActiveCfg = Release|Win32
		{BAA7376A-7A95-4D89-8E0E-27B8F1FF0E38}.Tools Release|x86.Build.0 = Release|Win32
		{BAA7376A-7A95-4D89-8E0E-27B8F1FF0E38}.Tune|x86.ActiveCfg = Debug|Win32
		{BAA7376A-7A95-4D89-8E0E-27B8F1FF0E38}.Tune|x86.Build.0 = Debug|Win32
		{8D104C37-F7AA-43E0-A24E-95A90D99D07C}.Debug|x86.ActiveCfg = Tools Debug|Win32
		{8D104C37-F7AA-43E0-A24E-95A90D99D07C}.Debug|x86.Build.0 = Tools Debug|Win32
		{8D104C37-F7AA-43E0-A24E-95A90D99D07C}.Release|x86.ActiveCfg = Tools Release|Win32
		{8D104C37-F7AA-43E0-A24E-95A90D99D07C}.Release|x86.Build.0 = Tools Release|Win32
		{8D104C37-F7AA-43E0-A24E-95A90D99D07C}.Tools Debug|x86.ActiveCfg = Tools Debug|Win32
		{8D104C37-F7AA-43E0-A24E-95A90D99D07C}.Tools Debug|x86.Build.0 = Tools Debug|Win32
		{8D104C37-F7AA-43E0-A24E-95A90D99D07C}.Tools Release|x86.ActiveCfg = Tools Release|Win32
		{8D104C37-F7AA-43E0-A24E-95A90D99D07C}.Tools Release|x86.Build.0 = Tools Release|Win32
		{8D104C37-F7AA-43E0-A24E-95A90D99D07C}.Tune|x86.ActiveCfg = Tools Debug|Win32
		{8D104C37-F7AA-43E0-A24E-95A90D99D07C}.Tune|x86.Build.0 = Tools Debug|Win32
		{EF07EBF3-6C08-47EF-8E8E-80EF954F51A5}.Debug|x86.ActiveCfg = Debug|Win32
		{EF07EBF3-6C08-47EF-8E8E-80EF954F51A5}.Debug|x86.Build.0 = Debug|Win32
		{EF07EBF3-6C08-47EF-8E8E-80EF954F51A5}.Release|x86.ActiveCfg = Release|Win32
		{EF07EBF3-6C08-47EF-8E8E-80EF954F51A5}.Release|x86.Build.0 = Release|Win32
		{EF07EBF3-6C08-47EF-8E8E-80EF954F51A5}.Tools Debug|x86.ActiveCfg = Debug|Win32
		{EF07EBF3-6C08-47EF-8E8E-80EF954F51A5}.Tools Debug|x86.Build.0 = Debug|Win32
		{EF07EBF3-6C08-47EF-8E8E-80EF954F51A5}.Tools Release|x86.ActiveCfg = Release|Win32
		{EF07EBF3-6C08-47EF-8E8E-80EF954F51A5}.Tools Release|x86.Build.0 = Release|Win32
		{EF07EBF3-6C08-47EF-8E8E-80EF954F51A5}.Tune|x86.ActiveCfg = Release|Win32
		{EF07EBF3-6C08-47EF-8E8E-80EF954F51A5}.Tune|x86.Build.0 = Release|Win32
		{501440F6-E442-4249-B7B3-5775C65B478E}.Debug|x86.ActiveCfg = Debug|Win32
		{501440F6-E442-4249-B7B3-5775C65B478E}.Debug|x86.Build.0 = Debug|Win32
		{501440F6-E442-4249-B7B3-5775C65B478E}.Release|x86.ActiveCfg = Release|Win32
		{501440F6-E442-4249-B7B3-5775C65B478E}.Release|x86.Build.0 = Release|Win32
		{501440F6-E442-4249-B7B3-5775C65B478E}.Tools Debug|x86.ActiveCfg = Debug|Win32
		{501440F6-E442-4249-B7B3-5775C65B478E}.Tools Debug|x86.Build.0 = Debug|Win32
		{501440F6-E442-4249-B7B3-5775C65B478E}.Tools Release|x86.ActiveCfg = Release|Win32
		{501440F6-E442-4249-B7B3-5775C65B478E}.Tools Release|x86.Build.0 = Release|Win32
		{501440F6-E442-4249-B7B3-5775C65B478E}.Tune|x86.ActiveCfg = Debug|Win32
		{501440F6-E442-4249-B7B3-5775C65B478E}.Tune|x86.Build.0 = Debug|Win32
		{2F8FF850-120B-4D10-85FE-42D839E1D27F}.Debug|x86.ActiveCfg = Debug|Win32
		{2F8FF850-120B-4D10-85FE-42D839E1D27F}.Debug|x86.Build.0 = Debug|Win32
		{2F8FF850-120B-4D10-85FE-42D839E1D27F}.Release|x86.ActiveCfg = Release|Win32
		{2F8FF850-120B-4D10-85FE-42D839E1D27F}.Release|x86.Build.0 = Release|Win32
		{2F8FF850-120B-4D10-85FE-42D839E1D27F}.Tools Debug|x86.ActiveCfg = Debug|Win32
		{2F8FF850-120B-4D10-85FE-42D839E1D27F}.Tools Debug|x86.Build.0 = Debug|Win32
		{2F8FF850-120B-4D10-85FE-42D839E1D27F}.Tools Release|x86.ActiveCfg = Release|Win32
		{2F8FF850-120B-4D10-85FE-42D839E1D27F}.Tools Release|x86.Build.0 = Release|Win32
		{2F8FF850-120B-4D10-85FE-42D839E1D27F}.Tune|x86.ActiveCfg = Debug|Win32
		{2F8FF850-120B-4D10-85FE-42D839E1D27F}.Tune|x86.Build.0 = Debug|Win32
		{A3C2F702-CE80-48D6-9217-E73E93F19F88}.Debug|x86.ActiveCfg = Debug|Win32
		{A3C2F702-CE80-48D6-9217-E73E93F19F88}.Release|x86.ActiveCfg = Release|Win32
		{A3C2F702-CE80-48D6-9217-E73E93F19F88}.Tools Debug|x86.ActiveCfg = Release|Win32
		{A3C2F702-CE80-48D6-9217-E73E93F19F88}.Tools Debug|x86.Build.0 = Release|Win32
		{A3C2F702-CE80-48D6-9217-E73E93F19F88}.Tools Release|x86.ActiveCfg = Release|Win32
		{A3C2F702-CE80-48D6-9217-E73E93F19F88}.Tools Release|x86.Build.0 = Release|Win32
		{A3C2F702-CE80-48D6-9217-E73E93F19F88}.Tune|x86.ActiveCfg = Release|Win32
		{A3C2F702-CE80-48D6-9217-E73E93F19F88}.Tune|x86.Build.0 = Release|Win32
		{04D8A7AB-61CD-441F-B1EF-9DD62EA58F36}.Debug|x86.ActiveCfg = Debug|Win32
		{04D8A7AB-61CD-441F-B1EF-9DD62EA58F36}.Debug|x86.Build.0 = Debug|Win32
		{04D8A7AB-61CD-441F-B1EF-9DD62EA58F36}.Release|x86.ActiveCfg = Release|Win32
		{04D8A7AB-61CD-441F-B1EF-9DD62EA58F36}.Release|x86.Build.0 = Release|Win32
		{04D8A7AB-61CD-441F-B1EF-9DD62EA58F36}.Tools Debug|x86.ActiveCfg = Debug|Win32
		{04D8A7AB-61CD-441F-B1EF-9DD62EA58F36}.Tools Debug|x86.Build.0 = Debug|Win32
		{04D8A7AB-61CD-441F-B1EF-9DD62EA58F36}.Tools Release|x86.ActiveCfg = Release|Win32
		{04D8A7AB-61CD-441F-B1EF-9DD62EA58F36}.Tools Release|x86.Build.0 = Release|Win32
		{04D8A7AB-61CD-441F-B1EF-9DD62EA58F36}.Tune|x86.ActiveCfg = Release|Win32
		{04D8A7AB-61CD-441F-B1EF-9DD62EA58F36}.Tune|x86.Build.0 = Release|Win32
		{6D5BB40B-F4BD-4297-9690-012084EEA51A}.Debug|x86.ActiveCfg = Debug|Win32
		{6D5BB40B-F4BD-4297-9690-012084EEA51A}.Debug|x86.Build.0 = Debug|Win32
		{6D5BB40B-F4BD-4297-9690-012084EEA51A}.Release|x86.ActiveCfg = Release|Win32
		{6D5BB40B-F4BD-4297-9690-012084EEA51A}.Release|x86.Build.0 = Release|Win32
		{6D5BB40B-F4BD-4297-9690-012084EEA51A}.Tools Debug|x86.ActiveCfg = Debug|Win32
		{6D5BB40B-F4BD-4297-9690-012084EEA51A}.Tools Debug|x86.Build.0 = Debug|Win32
		{6D5BB40B-F4BD-4297-9690-012084EEA51A}.Tools Release|x86.ActiveCfg = Release|Win32
		{6D5BB40B-F4BD-4297-9690-012084EEA51A}.Tools Release|x86.Build.0 = Release|Win32
		{6D5BB40B-F4BD-4297-9690-012084EEA51A}.Tune|x86.ActiveCfg = Debug|Win32
		{6D5BB40B-F4BD-4297-9690-012084EEA51A}.Tune|x86.Build.0 = Debug|Win32
		{8D248DFA-08AD-4C50-9EBD-6D4846A36D41}.Debug|x86.ActiveCfg = Debug|Win32
		{8D248DFA-08AD-4C50-9EBD-6D4846A36D41}.Debug|x86.Build.0 = Debug|Win32
		{8D248DFA-08AD-4C50-9EBD-6D4846A36D41}.Release|x86.ActiveCfg = Release|Win32
		{8D248DFA-08AD-4C50-9EBD-6D4846A36D41}.Release|x86.Build.0 = Release|Win32
		{8D248DFA-08AD-4C50-9EBD-6D4846A36D41}.Tools Debug|x86.ActiveCfg = Debug|Win32
		{8D248DFA-08AD-4C50-9EBD-6D4846A36D41}.Tools Debug|x86.Build.0 = Debug|Win32
		{8D248DFA-08AD-4C50-9EBD-6D4846A36D41}.Tools Release|x86.ActiveCfg = Release|Win32
		{8D248DFA-08AD-4C50-9EBD-6D4846A36D41}.Tools Release|x86.Build.0 = Release|Win32
		{8D248DFA-08AD-4C50-9EBD-6D4846A36D41}.Tune|x86.ActiveCfg = Release|Win32
		{8D248DFA-08AD-4C50-9EBD-6D4846A36D41}.Tune|x86.Build.0 = Release|Win32
		{B146F984-5DD9-4CDB-BF81-6425429C9A2D}.Debug|x86.ActiveCfg = Debug|Win32
		{B146F984-5DD9-4CDB-BF81-6425429C9A2D}.Debug|x86.Build.0 = Debug|Win32
		{B146F984-5DD9-4CDB-BF81-6425429C9A2D}.Release|x86.ActiveCfg = Release|Win32
		{B146F984-5DD9-4CDB-BF81-6425429C9A2D}.Release|x86.Build.0 = Release|Win32
		{B146F984-5DD9-4CDB-BF81-6425429C9A2D}.Tools Debug|x86.ActiveCfg = Debug|Win32
		{B146F984-5DD9-4CDB-BF81-6425429C9A2D}.Tools Debug|x86.Build.0 = Debug|Win32
		{B146F984-5DD9-4CDB-BF81-6425429C9A2D}.Tools Release|x86.ActiveCfg = Release|Win32
		{B146F984-5DD9-4CDB-BF81-6425429C9A2D}.Tools Release|x86.Build.0 = Release|Win32
		{B146F984-5DD9-4CDB-BF81-6425429C9A2D}.Tune|x86.ActiveCfg = Debug|Win32
		{B146F984-5DD9-4CDB-BF81-6425429C9A2D}.Tune|x86.Build.0 = Debug|Win32
		{C839D56B-8F69-4CDC-A859-2C175D35EF51}.Debug|x86.ActiveCfg = Debug|Win32
		{C839D56B-8F69-4CDC-A859-2C175D35EF51}.Debug|x86.Build.0 = Debug|Win32
		{C839D56B-8F69-4CDC-A859-2C175D35EF51}.Release|x86.ActiveCfg = Release|Win32
		{C839D56B-8F69-4CDC-A859-2C175D35EF51}.Release|x86.Build.0 = Release|Win32
		{C839D56B-8F69-4CDC-A859-2C175D35EF51}.Tools Debug|x86.ActiveCfg = Debug|Win32
		{C839D56B-8F69-4CDC-A859-2C175D35EF51}.Tools Debug|x86.Build.0 = Debug|Win32
		{C839D56B-8F69-4CDC-A859-2C175D35EF51}.Tools Release|x86.ActiveCfg = Release|Win32
		{C839D56B-8F69-4CDC-A859-2C175D35EF51}.Tools Release|x86.Build.0 = Release|Win32
		{C839D56B-8F69-4CDC-A859-2C175D35EF51}.Tune|x86.ActiveCfg = Debug|Win32
		{C839D56B-8F69-4CDC-A859-2C175D35EF51}.Tune|x86.Build.0 = Debug|Win32
		{4EACB4D4-6314-4538-B3C8-CFA3305682AB}.Debug|x86.ActiveCfg = Debug|Win32
		{4EACB4D4-6314-4538-B3C8-CFA3305682AB}.Debug|x86.Build.0 = Debug|Win32
		{4EACB4D4-6314-4538-B3C8-CFA3305682AB}.Release|x86.ActiveCfg = Release|Win32
		{4EACB4D4-6314-4538-B3C8-CFA3305682AB}.Release|x86.Build.0 = Release|Win32
		{4EACB4D4-6314-4538-B3C8-CFA3305682AB}.Tools Debug|x86.ActiveCfg = Debug|Win32
		{4EACB4D4-6314-4538-B3C8-CFA3305682AB}.Tools Debug|x86.Build.0 = Debug|Win32
		{4EACB4D4-6314-4538-B3C8-CFA3305682AB}.Tools Release|x86.ActiveCfg = Release|Win32
		{4EACB4D4-6314-4538-B3C8-CFA3305682AB}.Tools Release|x86.Build.0 = Release|Win32
		{4EACB4D4-6314-4538-B3C8-CFA3305682AB}.Tune|x86.ActiveCfg = Debug|Win32
		{4EACB4D4-6314-4538-B3C8-CFA3305682AB}.Tune|x86.Build.0 = Debug|Win32
		{E11B9464-10EE-4EAA-A3A9-ABABF6095FEE}.Debug|x86.ActiveCfg = Debug|Win32
		{E11B9464-10EE-4EAA-A3A9-ABABF6095FEE}.Debug|x86.Build.0 = Debug|Win32
		{E11B9464-10EE-4EAA-A3A9-ABABF6095FEE}.Release|x86.ActiveCfg = Release|Win32
		{E11B9464-10EE-4EAA-A3A9-ABABF6095FEE}.Release|x86.Build.0 = Release|Win32
		{E11B9464-10EE-4EAA-A3A9-ABABF6095FEE}.Tools Debug|x86.ActiveCfg = Debug|Win32
		{E11B9464-10EE-4EAA-A3A9-ABABF6095FEE}.Tools Debug|x86.Build.0 = Debug|Win32
		{E11B9464-10EE-4EAA-A3A9-ABABF6095FEE}.Tools Release|x86.ActiveCfg = Release|Win32
		{E11B9464-10EE-4EAA-A3A9-ABABF6095FEE}.Tools Release|x86.Build.0 = Release|Win32
		{E11B9464-10EE-4EAA-A3A9-ABABF6095FEE}.Tune|x86.ActiveCfg = Debug|Win32
		{E11B9464-10EE-4EAA-A3A9-ABABF6095FEE}.Tune|x86.Build.0 = Debug|Win32
		{5EFF5296-BC3D-4F3B-8DB6-281B3533F039}.Debug|x86.ActiveCfg = Debug|Win32
		{5EFF5296-BC3D-4F3B-8DB6-281B3533F039}.Debug|x86.Build.0 = Debug|Win32
		{5EFF5296-BC3D-4F3B-8DB6-281B3533F039}.Release|x86.ActiveCfg = Release|Win32
		{5EFF5296-BC3D-4F3B-8DB6-281B3533F039}.Release|x86.Build.0 = Release|Win32
		{5EFF5296-BC3D-4F3B-8DB6-281B3533F039}.Tools Debug|x86.ActiveCfg = Debug|Win32
		{5EFF5296-BC3D-4F3B-8DB6-281B3533F039}.Tools Debug|x86.Build.0 = Debug|Win32
		{5EFF5296-BC3D-4F3B-8DB6-281B3533F039}.Tools Release|x86.ActiveCfg = Release|Win32
		{5EFF5296-BC3D-4F3B-8DB6-281B3533F039}.Tools Release|x86.Build.0 = Release|Win32
		{5EFF5296-BC3D-4F3B-8DB6-281B3533F039}.Tune|x86.ActiveCfg = Debug|Win32
		{5EFF5296-BC3D-4F3B-8DB6-281B3533F039}.Tune|x86.Build.0 = Debug|Win32
		{01C42D74-DC90-4A98-A9E5-FCB02FA8371B}.Debug|x86.ActiveCfg = Debug|Win32
		{01C42D74-DC90-4A98-A9E5-FCB02FA8371B}.Debug|x86.Build.0 = Debug|Win32
		{01C42D74-DC90-4A98-A9E5-FCB02FA8371B}.Release|x86.ActiveCfg = Release|Win32
		{01C42D74-DC90-4A98-A9E5-FCB02FA8371B}.Release|x86.Build.0 = Release|Win32
		{01C42D74-DC90-4A98-A9E5-FCB02FA8371B}.Tools Debug|x86.ActiveCfg = Debug|Win32
		{01C42D74-DC90-4A98-A9E5-FCB02FA8371B}.Tools Debug|x86.Build.0 = Debug|Win32
		{01C42D74-DC90-4A98-A9E5-FCB02FA8371B}.Tools Release|x86.ActiveCfg = Release|Win32
		{01C42D74-DC90-4A98-A9E5-FCB02FA8371B}.Tools Release|x86.Build.0 = Release|Win32
		{01C42D74-DC90-4A98-A9E5-FCB02FA8371B}.Tune|x86.ActiveCfg = Release|Win32
		{01C42D74-DC90-4A98-A9E5-FCB02FA8371B}.Tune|x86.Build.0 = Release|Win32
		{1C89FF88-42FF-4041-B176-1FABF8F1E0A4}.Debug|x86.ActiveCfg = Debug|Win32
		{1C89FF88-42FF-4041-B176-1FABF8F1E0A4}.Debug|x86.Build.0 = Debug|Win32
		{1C89FF88-42FF-4041-B176-1FABF8F1E0A4}.Release|x86.ActiveCfg = Release|Win32
		{1C89FF88-42FF-4041-B176-1FABF8F1E0A4}.Release|x86.Build.0 = Release|Win32
		{1C89FF88-42FF-4041-B176-1FABF8F1E0A4}.Tools Debug|x86.ActiveCfg = Debug|Win32
		{1C89FF88-42FF-4041-B176-1FABF8F1E0A4}.Tools Debug|x86.Build.0 = Debug|Win32
		{1C89FF88-42FF-4041-B176-1FABF8F1E0A4}.Tools Release|x86.ActiveCfg = Release|Win32
		{1C89FF88-42FF-4041-B176-1FABF8F1E0A4}.Tools Release|x86.Build.0 = Release|Win32
		{1C89FF88-42FF-4041-B176-1FABF8F1E0A4}.Tune|x86.ActiveCfg = Release|Win32
		{1C89FF88-42FF-4041-B176-1FABF8F1E0A4}.Tune|x86.Build.0 = Release|Win32
		{ECBD49BD-3B71-46A5-A1B1-73652FC3AA49}.Debug|x86.ActiveCfg = Debug|Win32
		{ECBD49BD-3B71-46A5-A1B1-73652FC3AA49}.Debug|x86.Build.0 = Debug|Win32
		{ECBD49BD-3B71-46A5-A1B1-73652FC3AA49}.Release|x86.ActiveCfg = Release|Win32
		{ECBD49BD-3B71-46A5-A1B1-73652FC3AA49}.Release|x86.Build.0 = Release|Win32
		{ECBD49BD-3B71-46A5-A1B1-73652FC3AA49}.Tools Debug|x86.ActiveCfg = Debug|Win32
		{ECBD49BD-3B71-46A5-A1B1-73652FC3AA49}.Tools Debug|x86.Build.0 = Debug|Win32
		{ECBD49BD-3B71-46A5-A1B1-73652FC3AA49}.Tools Release|x86.ActiveCfg = Release|Win32
		{ECBD49BD-3B71-46A5-A1B1-73652FC3AA49}.Tools Release|x86.Build.0 = Release|Win32
		{ECBD49BD-3B71-46A5-A1B1-73652FC3AA49}.Tune|x86.ActiveCfg = Release|Win32
		{ECBD49BD-3B71-46A5-A1B1-73652FC3AA49}.Tune|x86.Build.0 = Release|Win32
		{9852D690-171B-49EE-ABB5-CE50DBC47F64}.Debug|x86.ActiveCfg = Debug|Win32
		{9852D690-171B-49EE-ABB5-CE50DBC47F64}.Debug|x86.Build.0 = Debug|Win32
		{9852D690-171B-49EE-ABB5-CE50DBC47F64}.Release|x86.ActiveCfg = Release|Win32
		{9852D690-171B-49EE-ABB5-CE50DBC47F64}.Release|x86.Build.0 = Release|Win32
		{9852D690-171B-49EE-ABB5-CE50DBC47F64}.Tools Debug|x86.ActiveCfg = Debug|Win32
		{9852D690-171B-49EE-ABB5-CE50DBC47F64}.Tools Debug|x86.Build.0 = Debug|Win32
		{9852D690-171B-49EE-ABB5-CE50DBC47F64}.Tools Release|x86.ActiveCfg = Release|Win32
		{9852D690-171B-49EE-ABB5-CE50DBC47F64}.Tools Release|x86.Build.0 = Release|Win32
		{9852D690-171B-49EE-ABB5-CE50DBC47F64}.Tune|x86.ActiveCfg = Release|Win32
		{9852D690-171B-49EE-ABB5-CE50DBC47F64}.Tune|x86.Build.0 = Release|Win32
		{C37F6BA9-70CD-4098-B09D-6B08EAF9AB43}.Debug|x86.ActiveCfg = Debug|Win32
		{C37F6BA9-70CD-4098-B09D-6B08EAF9AB43}.Debug|x86.Build.0 = Debug|Win32
		{C37F6BA9-70CD-4098-B09D-6B08EAF9AB43}.Release|x86.ActiveCfg = Release|Win32
		{C37F6BA9-70CD-4098-B09D-6B08EAF9AB43}.Release|x86.Build.0 = Release|Win32
		{C37F6BA9-70CD-4098-B09D-6B08EAF9AB43}.Tools Debug|x86.ActiveCfg = Debug|Win32
		{C37F6BA9-70CD-4098-B09D-6B08EAF9AB43}.Tools Debug|x86.Build.0 = Debug|Win32
		{C37F6BA9-70CD-4098-B09D-6B08EAF9AB43}.Tools Release|x86.ActiveCfg = Release|Win32
		{C37F6BA9-70CD-4098-B09D-6B08EAF9AB43}.Tools Release|x86.Build.0 = Release|Win32
		{C37F6BA9-70CD-4098-B09D-6B08EAF9AB43}.Tune|x86.ActiveCfg = Debug|Win32
		{C37F6BA9-70CD-4098-B09D-6B08EAF9AB43}.Tune|x86.Build.0 = Debug|Win32
		{CFEE729C-E2CE-4FA9-8769-62748F6BEC92}.Debug|x86.ActiveCfg = Debug|Win32
		{CFEE729C-E2CE-4FA9-8769-62748F6BEC92}.Debug|x86.Build.0 = Debug|Win32
		{CFEE729C-E2CE-4FA9-8769-62748F6BEC92}.Release|x86.ActiveCfg = Release|Win32
		{CFEE729C-E2CE-4FA9-8769-62748F6BEC92}.Release|x86.Build.0 = Release|Win32
		{CFEE729C-E2CE-4FA9-8769-62748F6BEC92}.Tools Debug|x86.ActiveCfg = Debug|Win32
		{CFEE729C-E2CE-4FA9-8769-62748F6BEC92}.Tools Debug|x86.Build.0 = Debug|Win32
		{CFEE729C-E2CE-4FA9-8769-62748F6BEC92}.Tools Release|x86.ActiveCfg = Release|Win32
		{CFEE729C-E2CE-4FA9-8769-62748F6BEC92}.Tools Release|x86.Build.0 = Release|Win32
		{CFEE729C-E2CE-4FA9-8769-62748F6BEC92}.Tune|x86.ActiveCfg = Release|Win32
		{CFEE729C-E2CE-4FA9-8769-62748F6BEC92}.Tune|x86.Build.0 = Release|Win32
		{3661387E-EBEB-489C-B77A-F6CF8CC5C697}.Debug|x86.ActiveCfg = Debug|Win32
		{3661387E-EBEB-489C-B77A-F6CF8CC5C697}.Debug|x86.Build.0 = Debug|Win32
		{3661387E-EBEB-489C-B77A-F6CF8CC5C697}.Release|x86.ActiveCfg = Release|Win32
		{3661387E-EBEB-489C-B77A-F6CF8CC5C697}.Release|x86.Build.0 = Release|Win32
		{3661387E-EBEB-489C-B77A-F6CF8CC5C697}.Tools Debug|x86.ActiveCfg = Debug|Win32
		{3661387E-EBEB-489C-B77A-F6CF8CC5C697}.Tools Debug|x86.Build.0 = Debug|Win32
		{3661387E-EBEB-489C-B77A-F6CF8CC5C697}.Tools Release|x86.ActiveCfg = Release|Win32
		{3661387E-EBEB-489C-B77A-F6CF8CC5C697}.Tools Release|x86.Build.0 = Release|Win32
		{3661387E-EBEB-489C-B77A-F6CF8CC5C697}.Tune|x86.ActiveCfg = Release|Win32
		{3661387E-EBEB-489C-B77A-F6CF8CC5C697}.Tune|x86.Build.0 = Release|Win32
		{C225239C-43FA-4625-A4F8-CAD5D2CAD6A0}.Debug|x86.ActiveCfg = Debug|Win32
		{C225239C-43FA-4625-A4F8-CAD5D2CAD6A0}.Debug|x86.Build.0 = Debug|Win32
		{C225239C-43FA-4625-A4F8-CAD5D2CAD6A0}.Release|x86.ActiveCfg = Release|Win32
		{C225239C-43FA-4625-A4F8-CAD5D2CAD6A0}.Release|x86.Build.0 = Release|Win32
		{C225239C-43FA-4625-A4F8-CAD5D2CAD6A0}.Tools Debug|x86.ActiveCfg = Debug|Win32
		{C225239C-43FA-4625-A4F8-CAD5D2CAD6A0}.Tools Debug|x86.Build.0 = Debug|Win32
		{C225239C-43FA-4625-A4F8-CAD5D2CAD6A0}.Tools Release|x86.ActiveCfg = Release|Win32
		{C225239C-43FA-4625-A4F8-CAD5D2CAD6A0}.Tools Release|x86.Build.0 = Release|Win32
		{C225239C-43FA-4625-A4F8-CAD5D2CAD6A0}.Tune|x86.ActiveCfg = Debug|Win32
		{C225239C-43FA-4625-A4F8-CAD5D2CAD6A0}.Tune|x86.Build.0 = Debug|Win32
		{9D9AA79F-5A27-4F01-9254-56A532FDEF1B}.Debug|x86.ActiveCfg = Debug|Win32
		{9D9AA79F-5A27-4F01-9254-56A532FDEF1B}.Debug|x86.Build.0 = Debug|Win32
		{9D9AA79F-5A27-4F01-9254-56A532FDEF1B}.Release|x86.ActiveCfg = Release|Win32
		{9D9AA79F-5A27-4F01-9254-56A532FDEF1B}.Release|x86.Build.0 = Release|Win32
		{9D9AA79F-5A27-4F01-9254-56A532FDEF1B}.Tools Debug|x86.ActiveCfg = Debug|Win32
		{9D9AA79F-5A27-4F01-9254-56A532FDEF1B}.Tools Debug|x86.Build.0 = Debug|Win32
		{9D9AA79F-5A27-4F01-9254-56A532FDEF1B}.Tools Release|x86.ActiveCfg = Release|Win32
		{9D9AA79F-5A27-4F01-9254-56A532FDEF1B}.Tools Release|x86.Build.0 = Release|Win32
		{9D9AA79F-5A27-4F01-9254-56A532FDEF1B}.Tune|x86.ActiveCfg = Release|Win32
		{9D9AA79F-5A27-4F01-9254-56A532FDEF1B}.Tune|x86.Build.0 = Release|Win32
		{84160789-5273-454F-80F9-CA889B5751F2}.Debug|x86.ActiveCfg = Debug|Win32
		{84160789-5273-454F-80F9-CA889B5751F2}.Debug|x86.Build.0 = Debug|Win32
		{84160789-5273-454F-80F9-CA889B5751F2}.Release|x86.ActiveCfg = Release|Win32
		{84160789-5273-454F-80F9-CA889B5751F2}.Release|x86.Build.0 = Release|Win32
		{84160789-5273-454F-80F9-CA889B5751F2}.Tools Debug|x86.ActiveCfg = Debug|Win32
		{84160789-5273-454F-80F9-CA889B5751F2}.Tools Debug|x86.Build.0 = Debug|Win32
		{84160789-5273-454F-80F9-CA889B5751F2}.Tools Release|x86.ActiveCfg = Release|Win32
		{84160789-5273-454F-80F9-CA889B5751F2}.Tools Release|x86.Build.0 = Release|Win32
		{84160789-5273-454F-80F9-CA889B5751F2}.Tune|x86.ActiveCfg = Release|Win32
		{84160789-5273-454F-80F9-CA889B5751F2}.Tune|x86.Build.0 = Release|Win32
		{622822EE-81BC-4CBA-AC16-2DC304BE6DCF}.Debug|x86.ActiveCfg = Debug|Win32
		{622822EE-81BC-4CBA-AC16-2DC304BE6DCF}.Debug|x86.Build.0 = Debug|Win32
		{622822EE-81BC-4CBA-AC16-2DC304BE6DCF}.Release|x86.ActiveCfg = Release|Win32
		{622822EE-81BC-4CBA-AC16-2DC304BE6DCF}.Release|x86.Build.0 = Release|Win32
		{622822EE-81BC-4CBA-AC16-2DC304BE6DCF}.Tools Debug|x86.ActiveCfg = Debug|Win32
		{622822EE-81BC-4CBA-AC16-2DC304BE6DCF}.Tools Debug|x86.Build.0 = Debug|Win32
		{622822EE-81BC-4CBA-AC16-2DC304BE6DCF}.Tools Release|x86.ActiveCfg = Release|Win32
		{622822EE-81BC-4CBA-AC16-2DC304BE6DCF}.Tools Release|x86.Build.0 = Release|Win32
		{622822EE-81BC-4CBA-AC16-2DC304BE6DCF}.Tune|x86.ActiveCfg = Debug|Win32
		{622822EE-81BC-4CBA-AC16-2DC304BE6DCF}.Tune|x86.Build.0 = Debug|Win32
		{906E914F-EB63-4B12-9F07-00A727472080}.Debug|x86.ActiveCfg = Debug|Win32
		{906E914F-EB63-4B12-9F07-00A727472080}.Release|x86.ActiveCfg = Release|Win32
		{906E914F-EB63-4B12-9F07-00A727472080}.Tools Debug|x86.ActiveCfg = Tools Debug|Win32
		{906E914F-EB63-4B12-9F07-00A727472080}.Tools Release|x86.ActiveCfg = Tools Release|Win32
		{906E914F-EB63-4B12-9F07-00A727472080}.Tune|x86.ActiveCfg = Tune|Win32
		{F56859D4-9005-4612-AA23-6F7CB5369CA7}.Debug|x86.ActiveCfg = Debug|Win32
		{F56859D4-9005-4612-AA23-6F7CB5369CA7}.Debug|x86.Build.0 = Debug|Win32
		{F56859D4-9005-4612-AA23-6F7CB5369CA7}.Release|x86.ActiveCfg = Release|Win32
		{F56859D4-9005-4612-AA23-6F7CB5369CA7}.Release|x86.Build.0 = Release|Win32
		{F56859D4-9005-4612-AA23-6F7CB5369CA7}.Tools Debug|x86.ActiveCfg = Tools Debug|Win32
		{F56859D4-9005-4612-AA23-6F7CB5369CA7}.Tools Debug|x86.Build.0 = Tools Debug|Win32
		{F56859D4-9005-4612-AA23-6F7CB5369CA7}.Tools Release|x86.ActiveCfg = Tools Release|Win32
		{F56859D4-9005-4612-AA23-6F7CB5369CA7}.Tools Release|x86.Build.0 = Tools Release|Win32
		{F56859D4-9005-4612-AA23-6F7CB5369CA7}.Tune|x86.ActiveCfg = Tools Release|Win32
		{F56859D4-9005-4612-AA23-6F7CB5369CA7}.Tune|x86.Build.0 = Tools Release|Win32
		{D53664DF-B602-40AD-8067-9D0334FBB336}.Debug|x86.ActiveCfg = Debug|Win32
		{D53664DF-B602-40AD-8067-9D0334FBB336}.Debug|x86.Build.0 = Debug|Win32
		{D53664DF-B602-40AD-8067-9D0334FBB336}.Release|x86.ActiveCfg = Release|Win32
		{D53664DF-B602-40AD-8067-9D0334FBB336}.Release|x86.Build.0 = Release|Win32
		{D53664DF-B602-40AD-8067-9D0334FBB336}.Tools Debug|x86.ActiveCfg = Tools Debug|Win32
		{D53664DF-B602-40AD-8067-9D0334FBB336}.Tools Debug|x86.Build.0 = Tools Debug|Win32
		{D53664DF-B602-40AD-8067-9D0334FBB336}.Tools Release|x86.ActiveCfg = Tools Release|Win32
		{D53664DF-B602-40AD-8067-9D0334FBB336}.Tools Release|x86.Build.0 = Tools Release|Win32
		{D53664DF-B602-40AD-8067-9D0334FBB336}.Tune|x86.ActiveCfg = Tools Release|Win32
		{D53664DF-B602-40AD-8067-9D0334FBB336}.Tune|x86.Build.0 = Tools Release|Win32
		{35E020DC-1FA0-4C94-A3FA-26937B9BFA79}.Debug|x86.ActiveCfg = Debug|Win32
		{35E020DC-1FA0-4C94-A3FA-26937B9BFA79}.Debug|x86.Build.0 = Debug|Win32
		{35E020DC-1FA0-4C94-A3FA-26937B9BFA79}.Release|x86.ActiveCfg = Release|Win32
		{35E020DC-1FA0-4C94-A3FA-26937B9BFA79}.Release|x86.Build.0 = Release|Win32
		{35E020DC-1FA0-4C94-A3FA-26937B9BFA79}.Tools Debug|x86.ActiveCfg = Debug|Win32
		{35E020DC-1FA0-4C94-A3FA-26937B9BFA79}.Tools Debug|x86.Build.0 = Debug|Win32
		{35E020DC-1FA0-4C94-A3FA-26937B9BFA79}.Tools Release|x86.ActiveCfg = Release|Win32
		{35E020DC-1FA0-4C94-A3FA-26937B9BFA79}.Tools Release|x86.Build.0 = Release|Win32
		{35E020DC-1FA0-4C94-A3FA-26937B9BFA79}.Tune|x86.ActiveCfg = Debug|Win32
		{35E020DC-1FA0-4C94-A3FA-26937B9BFA79}.Tune|x86.Build.0 = Debug|Win32
		{9ADA6567-A315-4D03-814D-728E1BCEEB66}.Debug|x86.ActiveCfg = Debug|Win32
		{9ADA6567-A315-4D03-814D-728E1BCEEB66}.Debug|x86.Build.0 = Debug|Win32
		{9ADA6567-A315-4D03-814D-728E1BCEEB66}.Release|x86.ActiveCfg = Release|Win32
		{9ADA6567-A315-4D03-814D-728E1BCEEB66}.Release|x86.Build.0 = Release|Win32
		{9ADA6567-A315-4D03-814D-728E1BCEEB66}.Tools Debug|x86.ActiveCfg = Tools Debug|Win32
		{9ADA6567-A315-4D03-814D-728E1BCEEB66}.Tools Debug|x86.Build.0 = Tools Debug|Win32
		{9ADA6567-A315-4D03-814D-728E1BCEEB66}.Tools Release|x86.ActiveCfg = Tools Release|Win32
		{9ADA6567-A315-4D03-814D-728E1BCEEB66}.Tools Release|x86.Build.0 = Tools Release|Win32
		{9ADA6567-A315-4D03-814D-728E1BCEEB66}.Tune|x86.ActiveCfg = Tools Release|Win32
		{9ADA6567-A315-4D03-814D-728E1BCEEB66}.Tune|x86.Build.0 = Tools Release|Win32
		{467CB4E6-6A88-48AF-9CF4-3C1B5AD13F29}.Debug|x86.ActiveCfg = Debug|Win32
		{467CB4E6-6A88-48AF-9CF4-3C1B5AD13F29}.Release|x86.ActiveCfg = Release|Win32
		{467CB4E6-6A88-48AF-9CF4-3C1B5AD13F29}.Tools Debug|x86.ActiveCfg = Tools Debug|Win32
		{467CB4E6-6A88-48AF-9CF4-3C1B5AD13F29}.Tools Release|x86.ActiveCfg = Tools Release|Win32
		{467CB4E6-6A88-48AF-9CF4-3C1B5AD13F29}.Tune|x86.ActiveCfg = Tools Debug|Win32
		{467CB4E6-6A88-48AF-9CF4-3C1B5AD13F29}.Tune|x86.Build.0 = Tools Debug|Win32
		{CDB92E4A-1E5D-49A8-8153-34264B3FEF29}.Debug|x86.ActiveCfg = Debug|Win32
		{CDB92E4A-1E5D-49A8-8153-34264B3FEF29}.Release|x86.ActiveCfg = Release|Win32
		{CDB92E4A-1E5D-49A8-8153-34264B3FEF29}.Tools Debug|x86.ActiveCfg = Tools Debug|Win32
		{CDB92E4A-1E5D-49A8-8153-34264B3FEF29}.Tools Release|x86.ActiveCfg = Tools Release|Win32
		{CDB92E4A-1E5D-49A8-8153-34264B3FEF29}.Tune|x86.ActiveCfg = Tune|Win32
		{8210C86D-9664-4091-A392-AE6652AF6B45}.Debug|x86.ActiveCfg = Debug|Win32
		{8210C86D-9664-4091-A392-AE6652AF6B45}.Debug|x86.Build.0 = Debug|Win32
		{8210C86D-9664-4091-A392-AE6652AF6B45}.Release|x86.ActiveCfg = Release|Win32
		{8210C86D-9664-4091-A392-AE6652AF6B45}.Release|x86.Build.0 = Release|Win32
		{8210C86D-9664-4091-A392-AE6652AF6B45}.Tools Debug|x86.ActiveCfg = Debug|Win32
		{8210C86D-9664-4091-A392-AE6652AF6B45}.Tools Debug|x86.Build.0 = Debug|Win32
		{8210C86D-9664-4091-A392-AE6652AF6B45}.Tools Release|x86.ActiveCfg = Release|Win32
		{8210C86D-9664-4091-A392-AE6652AF6B45}.Tools Release|x86.Build.0 = Release|Win32
		{8210C86D-9664-4091-A392-AE6652AF6B45}.Tune|x86.ActiveCfg = Debug|Win32
		{8210C86D-9664-4091-A392-AE6652AF6B45}.Tune|x86.Build.0 = Debug|Win32
		{A21A1BC1-C10B-4260-B494-A51A1E79A40E}.Debug|x86.ActiveCfg = Debug|Win32
		{A21A1BC1-C10B-4260-B494-A51A1E79A40E}.Release|x86.ActiveCfg = Release|Win32
		{A21A1BC1-C10B-4260-B494-A51A1E79A40E}.Tools Debug|x86.ActiveCfg = Tools Debug|Win32
		{A21A1BC1-C10B-4260-B494-A51A1E79A40E}.Tools Release|x86.ActiveCfg = Tools Release|Win32
		{A21A1BC1-C10B-4260-B494-A51A1E79A40E}.Tune|x86.ActiveCfg = Tune|Win32
		{A94B2E20-817F-4C14-B1E1-4E2B06B6E07F}.Debug|x86.ActiveCfg = Debug|Win32
		{A94B2E20-817F-4C14-B1E1-4E2B06B6E07F}.Debug|x86.Build.0 = Debug|Win32
		{A94B2E20-817F-4C14-B1E1-4E2B06B6E07F}.Release|x86.ActiveCfg = Release|Win32
		{A94B2E20-817F-4C14-B1E1-4E2B06B6E07F}.Release|x86.Build.0 = Release|Win32
		{A94B2E20-817F-4C14-B1E1-4E2B06B6E07F}.Tools Debug|x86.ActiveCfg = Debug|Win32
		{A94B2E20-817F-4C14-B1E1-4E2B06B6E07F}.Tools Debug|x86.Build.0 = Debug|Win32
		{A94B2E20-817F-4C14-B1E1-4E2B06B6E07F}.Tools Release|x86.ActiveCfg = Release|Win32
		{A94B2E20-817F-4C14-B1E1-4E2B06B6E07F}.Tools Release|x86.Build.0 = Release|Win32
		{A94B2E20-817F-4C14-B1E1-4E2B06B6E07F}.Tune|x86.ActiveCfg = Debug|Win32
		{A94B2E20-817F-4C14-B1E1-4E2B06B6E07F}.Tune|x86.Build.0 = Debug|Win32
	EndGlobalSection
	GlobalSection(SolutionProperties) = preSolution
		HideSolutionNode = FALSE
	EndGlobalSection
EndGlobal
