<?xml version="1.0" encoding="utf-8"?>
<Project ToolsVersion="4.0" xmlns="http://schemas.microsoft.com/developer/msbuild/2003">
  <ItemGroup>
    <Filter Include="Source">
      <UniqueIdentifier>{66f241c9-6678-40dd-a3cc-183e44911839}</UniqueIdentifier>
      <Extensions>*.cpp, *.c</Extensions>
    </Filter>
    <Filter Include="Include">
      <UniqueIdentifier>{c0c2a0fc-ebcb-4cb5-91a7-c4774b53a261}</UniqueIdentifier>
      <Extensions>*.hpp, *.h</Extensions>
    </Filter>
  </ItemGroup>
  <ItemGroup>
    <ClCompile Include="Param.cpp">
      <Filter>Source</Filter>
    </ClCompile>
    <ClCompile Include="main.cpp">
      <Filter>Source</Filter>
    </ClCompile>
    <ClCompile Include="version.cpp">
      <Filter>Source</Filter>
    </ClCompile>
  </ItemGroup>
  <ItemGroup>
    <ClInclude Include="Param.hpp">
      <Filter>Include</Filter>
    </ClInclude>
    <ClInclude Include="version.hpp">
      <Filter>Include</Filter>
    </ClInclude>
  </ItemGroup>
  <ItemGroup>
    <CustomBuild Include="tristrip.sc" />
  </ItemGroup>
</Project>